
Microsoft Visual Studio Solution File, Format Version 12.00
# Visual Studio Version 16
VisualStudioVersion = 16.0.32802.440
MinimumVisualStudioVersion = 10.0.40219.1
Project("{FAE04EC0-301F-11D3-BF4B-00C04F79EFBC}") = "codility 4test", "codility 4test\codility 4test.csproj", "{350CADA1-A348-4111-B800-E3414FDF8858}"
EndProject
Global
	GlobalSection(SolutionConfigurationPlatforms) = preSolution
		Debug|Any CPU = Debug|Any CPU
		Release|Any CPU = Release|Any CPU
	EndGlobalSection
	GlobalSection(ProjectConfigurationPlatforms) = postSolution
		{350CADA1-A348-4111-B800-E3414FDF8858}.Debug|Any CPU.ActiveCfg = Debug|Any CPU
		{350CADA1-A348-4111-B800-E3414FDF8858}.Debug|Any CPU.Build.0 = Debug|Any CPU
		{350CADA1-A348-4111-B800-E3414FDF8858}.Release|Any CPU.ActiveCfg = Release|Any CPU
		{350CADA1-A348-4111-B800-E3414FDF8858}.Release|Any CPU.Build.0 = Release|Any CPU
	EndGlobalSection
	GlobalSection(SolutionProperties) = preSolution
		HideSolutionNode = FALSE
	EndGlobalSection
	GlobalSection(ExtensibilityGlobals) = postSolution
		SolutionGuid = {16343D0B-90A4-430F-9E11-D82E9F8684AD}
	EndGlobalSection
EndGlobal
